
Microsoft Visual Studio Solution File, Format Version 12.00
# Visual Studio 15
VisualStudioVersion = 15.0.27428.2015
MinimumVisualStudioVersion = 10.0.40219.1
Project("{9A19103F-16F7-4668-BE54-9A1E7A4F7556}") = "PowerTeam", "PowerTeam\PowerTeam.csproj", "{68947393-1AAC-4A75-8361-0F7D0A8C1105}"
EndProject
Project("{9A19103F-16F7-4668-BE54-9A1E7A4F7556}") = "PowerTeam.DAL", "PowerTeam.DAL\PowerTeam.DAL.csproj", "{0CB29A24-62AD-45DC-9AD7-B9CA2FEDAEEC}"
EndProject
Project("{9A19103F-16F7-4668-BE54-9A1E7A4F7556}") = "PowerTeam.Model", "PowerTeam.Model\PowerTeam.Model.csproj", "{3CFF9F92-64F0-46DD-8986-05CD8BC305BF}"
EndProject
Project("{FAE04EC0-301F-11D3-BF4B-00C04F79EFBC}") = "PowerTeam.Service", "PowerTeam.Service\PowerTeam.Service.csproj", "{2E3063CD-2916-44C5-B0C8-E905C5159577}"
EndProject
Global
	GlobalSection(SolutionConfigurationPlatforms) = preSolution
		Debug|Any CPU = Debug|Any CPU
		Release|Any CPU = Release|Any CPU
	EndGlobalSection
	GlobalSection(ProjectConfigurationPlatforms) = postSolution
		{68947393-1AAC-4A75-8361-0F7D0A8C1105}.Debug|Any CPU.ActiveCfg = Debug|Any CPU
		{68947393-1AAC-4A75-8361-0F7D0A8C1105}.Debug|Any CPU.Build.0 = Debug|Any CPU
		{68947393-1AAC-4A75-8361-0F7D0A8C1105}.Release|Any CPU.ActiveCfg = Release|Any CPU
		{68947393-1AAC-4A75-8361-0F7D0A8C1105}.Release|Any CPU.Build.0 = Release|Any CPU
		{0CB29A24-62AD-45DC-9AD7-B9CA2FEDAEEC}.Debug|Any CPU.ActiveCfg = Debug|Any CPU
		{0CB29A24-62AD-45DC-9AD7-B9CA2FEDAEEC}.Debug|Any CPU.Build.0 = Debug|Any CPU
		{0CB29A24-62AD-45DC-9AD7-B9CA2FEDAEEC}.Release|Any CPU.ActiveCfg = Release|Any CPU
		{0CB29A24-62AD-45DC-9AD7-B9CA2FEDAEEC}.Release|Any CPU.Build.0 = Release|Any CPU
		{3CFF9F92-64F0-46DD-8986-05CD8BC305BF}.Debug|Any CPU.ActiveCfg = Debug|Any CPU
		{3CFF9F92-64F0-46DD-8986-05CD8BC305BF}.Debug|Any CPU.Build.0 = Debug|Any CPU
		{3CFF9F92-64F0-46DD-8986-05CD8BC305BF}.Release|Any CPU.ActiveCfg = Release|Any CPU
		{3CFF9F92-64F0-46DD-8986-05CD8BC305BF}.Release|Any CPU.Build.0 = Release|Any CPU
		{2E3063CD-2916-44C5-B0C8-E905C5159577}.Debug|Any CPU.ActiveCfg = Debug|Any CPU
		{2E3063CD-2916-44C5-B0C8-E905C5159577}.Debug|Any CPU.Build.0 = Debug|Any CPU
		{2E3063CD-2916-44C5-B0C8-E905C5159577}.Release|Any CPU.ActiveCfg = Release|Any CPU
		{2E3063CD-2916-44C5-B0C8-E905C5159577}.Release|Any CPU.Build.0 = Release|Any CPU
	EndGlobalSection
	GlobalSection(SolutionProperties) = preSolution
		HideSolutionNode = FALSE
	EndGlobalSection
	GlobalSection(ExtensibilityGlobals) = postSolution
		SolutionGuid = {3BD320BE-33E4-4E55-BD0E-5C75BA6CAFE8}
	EndGlobalSection
EndGlobal
